// !$*UTF8*$!
{
	archiveVersion = 1;
	classes = {
	};
	objectVersion = 56;
	objects = {

/* Begin PBXBuildFile section */
		CC4526FB2C4F89DD007F6959 /* WKWebView+React.swift in Sources */ = {isa = PBXBuildFile; fileRef = CC4526FA2C4F89DD007F6959 /* WKWebView+React.swift */; };
		CC45270B2C4FA81A007F6959 /* RealmService.swift in Sources */ = {isa = PBXBuildFile; fileRef = CC45270A2C4FA81A007F6959 /* RealmService.swift */; };
		CC45270D2C4FB284007F6959 /* RecordViewModel.swift in Sources */ = {isa = PBXBuildFile; fileRef = CC45270C2C4FB284007F6959 /* RecordViewModel.swift */; };
		CC4527652C4FDD65007F6959 /* RealmSwift in Frameworks */ = {isa = PBXBuildFile; productRef = CC4527642C4FDD65007F6959 /* RealmSwift */; };
		CC45277D2C4FE057007F6959 /* RxBlocking in Frameworks */ = {isa = PBXBuildFile; productRef = CC45277C2C4FE057007F6959 /* RxBlocking */; };
		CC45277F2C4FE057007F6959 /* RxBlocking-Dynamic in Frameworks */ = {isa = PBXBuildFile; productRef = CC45277E2C4FE057007F6959 /* RxBlocking-Dynamic */; };
		CC4527812C4FE057007F6959 /* RxCocoa in Frameworks */ = {isa = PBXBuildFile; productRef = CC4527802C4FE057007F6959 /* RxCocoa */; };
		CC4527832C4FE057007F6959 /* RxCocoa-Dynamic in Frameworks */ = {isa = PBXBuildFile; productRef = CC4527822C4FE057007F6959 /* RxCocoa-Dynamic */; };
		CC4527852C4FE057007F6959 /* RxRelay in Frameworks */ = {isa = PBXBuildFile; productRef = CC4527842C4FE057007F6959 /* RxRelay */; };
		CC57C3122C4C0F8A00EF1A80 /* AppDelegate.swift in Sources */ = {isa = PBXBuildFile; fileRef = CC57C3112C4C0F8A00EF1A80 /* AppDelegate.swift */; };
		CC57C3142C4C0F8A00EF1A80 /* SceneDelegate.swift in Sources */ = {isa = PBXBuildFile; fileRef = CC57C3132C4C0F8A00EF1A80 /* SceneDelegate.swift */; };
		CC57C3162C4C0F8A00EF1A80 /* ListViewController.swift in Sources */ = {isa = PBXBuildFile; fileRef = CC57C3152C4C0F8A00EF1A80 /* ListViewController.swift */; };
		CC57C31B2C4C0F8A00EF1A80 /* Assets.xcassets in Resources */ = {isa = PBXBuildFile; fileRef = CC57C31A2C4C0F8A00EF1A80 /* Assets.xcassets */; };
		CC57C31E2C4C0F8B00EF1A80 /* LaunchScreen.storyboard in Resources */ = {isa = PBXBuildFile; fileRef = CC57C31C2C4C0F8B00EF1A80 /* LaunchScreen.storyboard */; };
		CC57C3262C4C111800EF1A80 /* ListView.swift in Sources */ = {isa = PBXBuildFile; fileRef = CC57C3252C4C111800EF1A80 /* ListView.swift */; };
		CC57C32B2C4C149100EF1A80 /* RecordView.swift in Sources */ = {isa = PBXBuildFile; fileRef = CC57C32A2C4C149100EF1A80 /* RecordView.swift */; };
		CC57C32D2C4C149900EF1A80 /* RecordViewController.swift in Sources */ = {isa = PBXBuildFile; fileRef = CC57C32C2C4C149900EF1A80 /* RecordViewController.swift */; };
		CC57C3322C4C177600EF1A80 /* NewsPageView.swift in Sources */ = {isa = PBXBuildFile; fileRef = CC57C3312C4C177600EF1A80 /* NewsPageView.swift */; };
		CC57C3342C4C178200EF1A80 /* NewsPageViewController.swift in Sources */ = {isa = PBXBuildFile; fileRef = CC57C3332C4C178200EF1A80 /* NewsPageViewController.swift */; };
		CC97B5202C4E3E12009AC6E6 /* APIService.swift in Sources */ = {isa = PBXBuildFile; fileRef = CC97B51F2C4E3E12009AC6E6 /* APIService.swift */; };
		CC97B5232C4E3E69009AC6E6 /* DataEntity.swift in Sources */ = {isa = PBXBuildFile; fileRef = CC97B5222C4E3E69009AC6E6 /* DataEntity.swift */; };
		CC97B5272C4E3E93009AC6E6 /* News.swift in Sources */ = {isa = PBXBuildFile; fileRef = CC97B5262C4E3E93009AC6E6 /* News.swift */; };
		CC97B52B2C4E5B6C009AC6E6 /* ListViewModel.swift in Sources */ = {isa = PBXBuildFile; fileRef = CC97B52A2C4E5B6C009AC6E6 /* ListViewModel.swift */; };
		CC97B52D2C4E5BB7009AC6E6 /* Secrets.swift in Sources */ = {isa = PBXBuildFile; fileRef = CC97B52C2C4E5BB7009AC6E6 /* Secrets.swift */; };
		CC97B53A2C4E5FB7009AC6E6 /* SnapKit in Frameworks */ = {isa = PBXBuildFile; productRef = CC97B5392C4E5FB7009AC6E6 /* SnapKit */; };
		CC97B53C2C4E5FB7009AC6E6 /* SnapKit-Dynamic in Frameworks */ = {isa = PBXBuildFile; productRef = CC97B53B2C4E5FB7009AC6E6 /* SnapKit-Dynamic */; };
		CC97B5492C4E6CA5009AC6E6 /* ListTableViewCell.swift in Sources */ = {isa = PBXBuildFile; fileRef = CC97B5482C4E6CA5009AC6E6 /* ListTableViewCell.swift */; };
		CC97B54E2C4E7DD9009AC6E6 /* String+.swift in Sources */ = {isa = PBXBuildFile; fileRef = CC97B54D2C4E7DD9009AC6E6 /* String+.swift */; };
		CC97B5522C4E8741009AC6E6 /* UIScrollView+React.swift in Sources */ = {isa = PBXBuildFile; fileRef = CC97B5512C4E8741009AC6E6 /* UIScrollView+React.swift */; };
		CC97B5562C4EC8DF009AC6E6 /* NewsPageViewModel.swift in Sources */ = {isa = PBXBuildFile; fileRef = CC97B5552C4EC8DF009AC6E6 /* NewsPageViewModel.swift */; };
		CCFD6FDD2C5E1D1D00469181 /* NewsAPITests.swift in Sources */ = {isa = PBXBuildFile; fileRef = CCFD6FDC2C5E1D1D00469181 /* NewsAPITests.swift */; };
		CCFD6FE32C5E1E4300469181 /* NewsAPITests.swift in Sources */ = {isa = PBXBuildFile; fileRef = CCFD6FDC2C5E1D1D00469181 /* NewsAPITests.swift */; };
		CCFD6FE52C5E278A00469181 /* MockAPIService.swift in Sources */ = {isa = PBXBuildFile; fileRef = CCFD6FE42C5E278A00469181 /* MockAPIService.swift */; };
		CCFD6FE62C5E285F00469181 /* MockAPIService.swift in Sources */ = {isa = PBXBuildFile; fileRef = CCFD6FE42C5E278A00469181 /* MockAPIService.swift */; };
		CCFD6FE72C5E286000469181 /* MockAPIService.swift in Sources */ = {isa = PBXBuildFile; fileRef = CCFD6FE42C5E278A00469181 /* MockAPIService.swift */; };
/* End PBXBuildFile section */

/* Begin PBXContainerItemProxy section */
		CCFD6FD12C5E1CE600469181 /* PBXContainerItemProxy */ = {
			isa = PBXContainerItemProxy;
			containerPortal = CC57C3062C4C0F8A00EF1A80 /* Project object */;
			proxyType = 1;
			remoteGlobalIDString = CC57C30D2C4C0F8A00EF1A80;
			remoteInfo = NewsAPI;
		};
		CCFD6FDE2C5E1D1D00469181 /* PBXContainerItemProxy */ = {
			isa = PBXContainerItemProxy;
			containerPortal = CC57C3062C4C0F8A00EF1A80 /* Project object */;
			proxyType = 1;
			remoteGlobalIDString = CC57C30D2C4C0F8A00EF1A80;
			remoteInfo = NewsAPI;
		};
/* End PBXContainerItemProxy section */

/* Begin PBXFileReference section */
		CC4526FA2C4F89DD007F6959 /* WKWebView+React.swift */ = {isa = PBXFileReference; lastKnownFileType = sourcecode.swift; path = "WKWebView+React.swift"; sourceTree = "<group>"; };
		CC45270A2C4FA81A007F6959 /* RealmService.swift */ = {isa = PBXFileReference; lastKnownFileType = sourcecode.swift; path = RealmService.swift; sourceTree = "<group>"; };
		CC45270C2C4FB284007F6959 /* RecordViewModel.swift */ = {isa = PBXFileReference; lastKnownFileType = sourcecode.swift; path = RecordViewModel.swift; sourceTree = "<group>"; };
		CC57C30E2C4C0F8A00EF1A80 /* NewsAPI.app */ = {isa = PBXFileReference; explicitFileType = wrapper.application; includeInIndex = 0; path = NewsAPI.app; sourceTree = BUILT_PRODUCTS_DIR; };
		CC57C3112C4C0F8A00EF1A80 /* AppDelegate.swift */ = {isa = PBXFileReference; lastKnownFileType = sourcecode.swift; path = AppDelegate.swift; sourceTree = "<group>"; };
		CC57C3132C4C0F8A00EF1A80 /* SceneDelegate.swift */ = {isa = PBXFileReference; lastKnownFileType = sourcecode.swift; path = SceneDelegate.swift; sourceTree = "<group>"; };
		CC57C3152C4C0F8A00EF1A80 /* ListViewController.swift */ = {isa = PBXFileReference; lastKnownFileType = sourcecode.swift; path = ListViewController.swift; sourceTree = "<group>"; };
		CC57C31A2C4C0F8A00EF1A80 /* Assets.xcassets */ = {isa = PBXFileReference; lastKnownFileType = folder.assetcatalog; path = Assets.xcassets; sourceTree = "<group>"; };
		CC57C31D2C4C0F8B00EF1A80 /* Base */ = {isa = PBXFileReference; lastKnownFileType = file.storyboard; name = Base; path = Base.lproj/LaunchScreen.storyboard; sourceTree = "<group>"; };
		CC57C31F2C4C0F8B00EF1A80 /* Info.plist */ = {isa = PBXFileReference; lastKnownFileType = text.plist.xml; path = Info.plist; sourceTree = "<group>"; };
		CC57C3252C4C111800EF1A80 /* ListView.swift */ = {isa = PBXFileReference; lastKnownFileType = sourcecode.swift; path = ListView.swift; sourceTree = "<group>"; };
		CC57C32A2C4C149100EF1A80 /* RecordView.swift */ = {isa = PBXFileReference; lastKnownFileType = sourcecode.swift; path = RecordView.swift; sourceTree = "<group>"; };
		CC57C32C2C4C149900EF1A80 /* RecordViewController.swift */ = {isa = PBXFileReference; lastKnownFileType = sourcecode.swift; path = RecordViewController.swift; sourceTree = "<group>"; };
		CC57C3312C4C177600EF1A80 /* NewsPageView.swift */ = {isa = PBXFileReference; lastKnownFileType = sourcecode.swift; path = NewsPageView.swift; sourceTree = "<group>"; };
		CC57C3332C4C178200EF1A80 /* NewsPageViewController.swift */ = {isa = PBXFileReference; lastKnownFileType = sourcecode.swift; path = NewsPageViewController.swift; sourceTree = "<group>"; };
		CC97B51F2C4E3E12009AC6E6 /* APIService.swift */ = {isa = PBXFileReference; lastKnownFileType = sourcecode.swift; path = APIService.swift; sourceTree = "<group>"; };
		CC97B5222C4E3E69009AC6E6 /* DataEntity.swift */ = {isa = PBXFileReference; lastKnownFileType = sourcecode.swift; path = DataEntity.swift; sourceTree = "<group>"; };
		CC97B5262C4E3E93009AC6E6 /* News.swift */ = {isa = PBXFileReference; lastKnownFileType = sourcecode.swift; path = News.swift; sourceTree = "<group>"; };
		CC97B52A2C4E5B6C009AC6E6 /* ListViewModel.swift */ = {isa = PBXFileReference; lastKnownFileType = sourcecode.swift; path = ListViewModel.swift; sourceTree = "<group>"; };
		CC97B52C2C4E5BB7009AC6E6 /* Secrets.swift */ = {isa = PBXFileReference; lastKnownFileType = sourcecode.swift; path = Secrets.swift; sourceTree = "<group>"; };
		CC97B5482C4E6CA5009AC6E6 /* ListTableViewCell.swift */ = {isa = PBXFileReference; lastKnownFileType = sourcecode.swift; path = ListTableViewCell.swift; sourceTree = "<group>"; };
		CC97B54D2C4E7DD9009AC6E6 /* String+.swift */ = {isa = PBXFileReference; lastKnownFileType = sourcecode.swift; path = "String+.swift"; sourceTree = "<group>"; };
		CC97B5512C4E8741009AC6E6 /* UIScrollView+React.swift */ = {isa = PBXFileReference; lastKnownFileType = sourcecode.swift; path = "UIScrollView+React.swift"; sourceTree = "<group>"; };
		CC97B5552C4EC8DF009AC6E6 /* NewsPageViewModel.swift */ = {isa = PBXFileReference; lastKnownFileType = sourcecode.swift; path = NewsPageViewModel.swift; sourceTree = "<group>"; };
		CCFD6FCD2C5E1CE600469181 /* ListViewModelTests.xctest */ = {isa = PBXFileReference; explicitFileType = wrapper.cfbundle; includeInIndex = 0; path = ListViewModelTests.xctest; sourceTree = BUILT_PRODUCTS_DIR; };
		CCFD6FDA2C5E1D1D00469181 /* NewsAPITests.xctest */ = {isa = PBXFileReference; explicitFileType = wrapper.cfbundle; includeInIndex = 0; path = NewsAPITests.xctest; sourceTree = BUILT_PRODUCTS_DIR; };
		CCFD6FDC2C5E1D1D00469181 /* NewsAPITests.swift */ = {isa = PBXFileReference; lastKnownFileType = sourcecode.swift; path = NewsAPITests.swift; sourceTree = "<group>"; };
		CCFD6FE42C5E278A00469181 /* MockAPIService.swift */ = {isa = PBXFileReference; lastKnownFileType = sourcecode.swift; path = MockAPIService.swift; sourceTree = "<group>"; };
/* End PBXFileReference section */

/* Begin PBXFrameworksBuildPhase section */
		CC57C30B2C4C0F8A00EF1A80 /* Frameworks */ = {
			isa = PBXFrameworksBuildPhase;
			buildActionMask = 2147483647;
			files = (
				CC4527812C4FE057007F6959 /* RxCocoa in Frameworks */,
				CC4527832C4FE057007F6959 /* RxCocoa-Dynamic in Frameworks */,
				CC4527652C4FDD65007F6959 /* RealmSwift in Frameworks */,
				CC45277D2C4FE057007F6959 /* RxBlocking in Frameworks */,
				CC97B53A2C4E5FB7009AC6E6 /* SnapKit in Frameworks */,
				CC97B53C2C4E5FB7009AC6E6 /* SnapKit-Dynamic in Frameworks */,
				CC4527852C4FE057007F6959 /* RxRelay in Frameworks */,
				CC45277F2C4FE057007F6959 /* RxBlocking-Dynamic in Frameworks */,
			);
			runOnlyForDeploymentPostprocessing = 0;
		};
		CCFD6FCA2C5E1CE600469181 /* Frameworks */ = {
			isa = PBXFrameworksBuildPhase;
			buildActionMask = 2147483647;
			files = (
			);
			runOnlyForDeploymentPostprocessing = 0;
		};
		CCFD6FD72C5E1D1D00469181 /* Frameworks */ = {
			isa = PBXFrameworksBuildPhase;
			buildActionMask = 2147483647;
			files = (
			);
			runOnlyForDeploymentPostprocessing = 0;
		};
/* End PBXFrameworksBuildPhase section */

/* Begin PBXGroup section */
		CC57C3052C4C0F8A00EF1A80 = {
			isa = PBXGroup;
			children = (
				CC57C3102C4C0F8A00EF1A80 /* NewsAPI */,
				CCFD6FDB2C5E1D1D00469181 /* NewsAPITests */,
				CC57C30F2C4C0F8A00EF1A80 /* Products */,
			);
			sourceTree = "<group>";
		};
		CC57C30F2C4C0F8A00EF1A80 /* Products */ = {
			isa = PBXGroup;
			children = (
				CC57C30E2C4C0F8A00EF1A80 /* NewsAPI.app */,
				CCFD6FCD2C5E1CE600469181 /* ListViewModelTests.xctest */,
				CCFD6FDA2C5E1D1D00469181 /* NewsAPITests.xctest */,
			);
			name = Products;
			sourceTree = "<group>";
		};
		CC57C3102C4C0F8A00EF1A80 /* NewsAPI */ = {
			isa = PBXGroup;
			children = (
				CC97B52C2C4E5BB7009AC6E6 /* Secrets.swift */,
				CC57C3112C4C0F8A00EF1A80 /* AppDelegate.swift */,
				CC57C3132C4C0F8A00EF1A80 /* SceneDelegate.swift */,
				CC97B54A2C4E7D74009AC6E6 /* Util */,
				CC97B5212C4E3E51009AC6E6 /* Model */,
				CC641B082C50F03A00E5780D /* View */,
				CC641B0B2C50F07000E5780D /* ViewModels */,
				CC57C31A2C4C0F8A00EF1A80 /* Assets.xcassets */,
				CC57C31C2C4C0F8B00EF1A80 /* LaunchScreen.storyboard */,
				CC57C31F2C4C0F8B00EF1A80 /* Info.plist */,
			);
			path = NewsAPI;
			sourceTree = "<group>";
		};
		CC641B082C50F03A00E5780D /* View */ = {
			isa = PBXGroup;
			children = (
				CC641B0D2C50F3AF00E5780D /* Views */,
				CC641B0A2C50F05500E5780D /* Cells */,
				CC641B0C2C50F0FB00E5780D /* ViewControllers */,
			);
			path = View;
			sourceTree = "<group>";
		};
		CC641B0A2C50F05500E5780D /* Cells */ = {
			isa = PBXGroup;
			children = (
				CC97B5482C4E6CA5009AC6E6 /* ListTableViewCell.swift */,
			);
			path = Cells;
			sourceTree = "<group>";
		};
		CC641B0B2C50F07000E5780D /* ViewModels */ = {
			isa = PBXGroup;
			children = (
				CC97B52A2C4E5B6C009AC6E6 /* ListViewModel.swift */,
				CC45270C2C4FB284007F6959 /* RecordViewModel.swift */,
				CC97B5552C4EC8DF009AC6E6 /* NewsPageViewModel.swift */,
			);
			path = ViewModels;
			sourceTree = "<group>";
		};
		CC641B0C2C50F0FB00E5780D /* ViewControllers */ = {
			isa = PBXGroup;
			children = (
				CC57C3152C4C0F8A00EF1A80 /* ListViewController.swift */,
				CC57C32C2C4C149900EF1A80 /* RecordViewController.swift */,
				CC57C3332C4C178200EF1A80 /* NewsPageViewController.swift */,
			);
			path = ViewControllers;
			sourceTree = "<group>";
		};
		CC641B0D2C50F3AF00E5780D /* Views */ = {
			isa = PBXGroup;
			children = (
				CC57C3252C4C111800EF1A80 /* ListView.swift */,
				CC57C32A2C4C149100EF1A80 /* RecordView.swift */,
				CC57C3312C4C177600EF1A80 /* NewsPageView.swift */,
			);
			path = Views;
			sourceTree = "<group>";
		};
		CC97B5212C4E3E51009AC6E6 /* Model */ = {
			isa = PBXGroup;
			children = (
				CC97B5222C4E3E69009AC6E6 /* DataEntity.swift */,
				CC97B5262C4E3E93009AC6E6 /* News.swift */,
				CC97B51F2C4E3E12009AC6E6 /* APIService.swift */,
				CC45270A2C4FA81A007F6959 /* RealmService.swift */,
			);
			path = Model;
			sourceTree = "<group>";
		};
		CC97B54A2C4E7D74009AC6E6 /* Util */ = {
			isa = PBXGroup;
			children = (
				CC97B54D2C4E7DD9009AC6E6 /* String+.swift */,
				CC97B5512C4E8741009AC6E6 /* UIScrollView+React.swift */,
				CC4526FA2C4F89DD007F6959 /* WKWebView+React.swift */,
			);
			path = Util;
			sourceTree = "<group>";
		};
		CCFD6FDB2C5E1D1D00469181 /* NewsAPITests */ = {
			isa = PBXGroup;
			children = (
				CCFD6FDC2C5E1D1D00469181 /* NewsAPITests.swift */,
				CCFD6FE42C5E278A00469181 /* MockAPIService.swift */,
			);
			path = NewsAPITests;
			sourceTree = "<group>";
		};
/* End PBXGroup section */

/* Begin PBXNativeTarget section */
		CC57C30D2C4C0F8A00EF1A80 /* NewsAPI */ = {
			isa = PBXNativeTarget;
			buildConfigurationList = CC57C3222C4C0F8B00EF1A80 /* Build configuration list for PBXNativeTarget "NewsAPI" */;
			buildPhases = (
				CC57C30A2C4C0F8A00EF1A80 /* Sources */,
				CC57C30B2C4C0F8A00EF1A80 /* Frameworks */,
				CC57C30C2C4C0F8A00EF1A80 /* Resources */,
			);
			buildRules = (
			);
			dependencies = (
			);
			name = NewsAPI;
			packageProductDependencies = (
				CC97B5392C4E5FB7009AC6E6 /* SnapKit */,
				CC97B53B2C4E5FB7009AC6E6 /* SnapKit-Dynamic */,
				CC4527642C4FDD65007F6959 /* RealmSwift */,
				CC45277C2C4FE057007F6959 /* RxBlocking */,
				CC45277E2C4FE057007F6959 /* RxBlocking-Dynamic */,
				CC4527802C4FE057007F6959 /* RxCocoa */,
				CC4527822C4FE057007F6959 /* RxCocoa-Dynamic */,
				CC4527842C4FE057007F6959 /* RxRelay */,
			);
			productName = NewsAPI;
			productReference = CC57C30E2C4C0F8A00EF1A80 /* NewsAPI.app */;
			productType = "com.apple.product-type.application";
		};
		CCFD6FCC2C5E1CE600469181 /* ListViewModelTests */ = {
			isa = PBXNativeTarget;
			buildConfigurationList = CCFD6FD32C5E1CE600469181 /* Build configuration list for PBXNativeTarget "ListViewModelTests" */;
			buildPhases = (
				CCFD6FC92C5E1CE600469181 /* Sources */,
				CCFD6FCA2C5E1CE600469181 /* Frameworks */,
				CCFD6FCB2C5E1CE600469181 /* Resources */,
			);
			buildRules = (
			);
			dependencies = (
				CCFD6FD22C5E1CE600469181 /* PBXTargetDependency */,
			);
			name = ListViewModelTests;
			productName = ListViewModelTests;
			productReference = CCFD6FCD2C5E1CE600469181 /* ListViewModelTests.xctest */;
			productType = "com.apple.product-type.bundle.unit-test";
		};
		CCFD6FD92C5E1D1D00469181 /* NewsAPITests */ = {
			isa = PBXNativeTarget;
			buildConfigurationList = CCFD6FE02C5E1D1D00469181 /* Build configuration list for PBXNativeTarget "NewsAPITests" */;
			buildPhases = (
				CCFD6FD62C5E1D1D00469181 /* Sources */,
				CCFD6FD72C5E1D1D00469181 /* Frameworks */,
				CCFD6FD82C5E1D1D00469181 /* Resources */,
			);
			buildRules = (
			);
			dependencies = (
				CCFD6FDF2C5E1D1D00469181 /* PBXTargetDependency */,
			);
			name = NewsAPITests;
			productName = NewsAPITests;
			productReference = CCFD6FDA2C5E1D1D00469181 /* NewsAPITests.xctest */;
			productType = "com.apple.product-type.bundle.unit-test";
		};
/* End PBXNativeTarget section */

/* Begin PBXProject section */
		CC57C3062C4C0F8A00EF1A80 /* Project object */ = {
			isa = PBXProject;
			attributes = {
				BuildIndependentTargetsInParallel = 1;
				LastSwiftUpdateCheck = 1500;
				LastUpgradeCheck = 1500;
				TargetAttributes = {
					CC57C30D2C4C0F8A00EF1A80 = {
						CreatedOnToolsVersion = 15.0.1;
						LastSwiftMigration = 1500;
					};
					CCFD6FCC2C5E1CE600469181 = {
						CreatedOnToolsVersion = 15.0.1;
						TestTargetID = CC57C30D2C4C0F8A00EF1A80;
					};
					CCFD6FD92C5E1D1D00469181 = {
						CreatedOnToolsVersion = 15.0.1;
						TestTargetID = CC57C30D2C4C0F8A00EF1A80;
					};
				};
			};
			buildConfigurationList = CC57C3092C4C0F8A00EF1A80 /* Build configuration list for PBXProject "NewsAPI" */;
			compatibilityVersion = "Xcode 14.0";
			developmentRegion = en;
			hasScannedForEncodings = 0;
			knownRegions = (
				en,
				Base,
			);
			mainGroup = CC57C3052C4C0F8A00EF1A80;
			packageReferences = (
				CC97B5382C4E5FB7009AC6E6 /* XCRemoteSwiftPackageReference "SnapKit" */,
				CC4527632C4FDD65007F6959 /* XCRemoteSwiftPackageReference "realm-swift" */,
				CC45277B2C4FE057007F6959 /* XCRemoteSwiftPackageReference "RxSwift" */,
			);
			productRefGroup = CC57C30F2C4C0F8A00EF1A80 /* Products */;
			projectDirPath = "";
			projectRoot = "";
			targets = (
				CC57C30D2C4C0F8A00EF1A80 /* NewsAPI */,
				CCFD6FCC2C5E1CE600469181 /* ListViewModelTests */,
				CCFD6FD92C5E1D1D00469181 /* NewsAPITests */,
			);
		};
/* End PBXProject section */

/* Begin PBXResourcesBuildPhase section */
		CC57C30C2C4C0F8A00EF1A80 /* Resources */ = {
			isa = PBXResourcesBuildPhase;
			buildActionMask = 2147483647;
			files = (
				CC57C31E2C4C0F8B00EF1A80 /* LaunchScreen.storyboard in Resources */,
				CC57C31B2C4C0F8A00EF1A80 /* Assets.xcassets in Resources */,
			);
			runOnlyForDeploymentPostprocessing = 0;
		};
		CCFD6FCB2C5E1CE600469181 /* Resources */ = {
			isa = PBXResourcesBuildPhase;
			buildActionMask = 2147483647;
			files = (
			);
			runOnlyForDeploymentPostprocessing = 0;
		};
		CCFD6FD82C5E1D1D00469181 /* Resources */ = {
			isa = PBXResourcesBuildPhase;
			buildActionMask = 2147483647;
			files = (
			);
			runOnlyForDeploymentPostprocessing = 0;
		};
/* End PBXResourcesBuildPhase section */

/* Begin PBXSourcesBuildPhase section */
		CC57C30A2C4C0F8A00EF1A80 /* Sources */ = {
			isa = PBXSourcesBuildPhase;
			buildActionMask = 2147483647;
			files = (
				CC97B5562C4EC8DF009AC6E6 /* NewsPageViewModel.swift in Sources */,
				CC57C3342C4C178200EF1A80 /* NewsPageViewController.swift in Sources */,
				CC57C3262C4C111800EF1A80 /* ListView.swift in Sources */,
				CCFD6FE62C5E285F00469181 /* MockAPIService.swift in Sources */,
				CC45270D2C4FB284007F6959 /* RecordViewModel.swift in Sources */,
				CC57C3162C4C0F8A00EF1A80 /* ListViewController.swift in Sources */,
				CC57C32D2C4C149900EF1A80 /* RecordViewController.swift in Sources */,
				CC57C3122C4C0F8A00EF1A80 /* AppDelegate.swift in Sources */,
				CC97B5272C4E3E93009AC6E6 /* News.swift in Sources */,
				CC97B52D2C4E5BB7009AC6E6 /* Secrets.swift in Sources */,
				CC97B54E2C4E7DD9009AC6E6 /* String+.swift in Sources */,
				CC4526FB2C4F89DD007F6959 /* WKWebView+React.swift in Sources */,
				CC97B5492C4E6CA5009AC6E6 /* ListTableViewCell.swift in Sources */,
				CC57C32B2C4C149100EF1A80 /* RecordView.swift in Sources */,
				CC97B5522C4E8741009AC6E6 /* UIScrollView+React.swift in Sources */,
				CC57C3322C4C177600EF1A80 /* NewsPageView.swift in Sources */,
				CC45270B2C4FA81A007F6959 /* RealmService.swift in Sources */,
				CC97B52B2C4E5B6C009AC6E6 /* ListViewModel.swift in Sources */,
				CC97B5202C4E3E12009AC6E6 /* APIService.swift in Sources */,
				CC97B5232C4E3E69009AC6E6 /* DataEntity.swift in Sources */,
				CC57C3142C4C0F8A00EF1A80 /* SceneDelegate.swift in Sources */,
			);
			runOnlyForDeploymentPostprocessing = 0;
		};
		CCFD6FC92C5E1CE600469181 /* Sources */ = {
			isa = PBXSourcesBuildPhase;
			buildActionMask = 2147483647;
			files = (
				CCFD6FE72C5E286000469181 /* MockAPIService.swift in Sources */,
				CCFD6FE32C5E1E4300469181 /* NewsAPITests.swift in Sources */,
			);
			runOnlyForDeploymentPostprocessing = 0;
		};
		CCFD6FD62C5E1D1D00469181 /* Sources */ = {
			isa = PBXSourcesBuildPhase;
			buildActionMask = 2147483647;
			files = (
				CCFD6FE52C5E278A00469181 /* MockAPIService.swift in Sources */,
				CCFD6FDD2C5E1D1D00469181 /* NewsAPITests.swift in Sources */,
			);
			runOnlyForDeploymentPostprocessing = 0;
		};
/* End PBXSourcesBuildPhase section */

/* Begin PBXTargetDependency section */
		CCFD6FD22C5E1CE600469181 /* PBXTargetDependency */ = {
			isa = PBXTargetDependency;
			target = CC57C30D2C4C0F8A00EF1A80 /* NewsAPI */;
			targetProxy = CCFD6FD12C5E1CE600469181 /* PBXContainerItemProxy */;
		};
		CCFD6FDF2C5E1D1D00469181 /* PBXTargetDependency */ = {
			isa = PBXTargetDependency;
			target = CC57C30D2C4C0F8A00EF1A80 /* NewsAPI */;
			targetProxy = CCFD6FDE2C5E1D1D00469181 /* PBXContainerItemProxy */;
		};
/* End PBXTargetDependency section */

/* Begin PBXVariantGroup section */
		CC57C31C2C4C0F8B00EF1A80 /* LaunchScreen.storyboard */ = {
			isa = PBXVariantGroup;
			children = (
				CC57C31D2C4C0F8B00EF1A80 /* Base */,
			);
			name = LaunchScreen.storyboard;
			sourceTree = "<group>";
		};
/* End PBXVariantGroup section */

/* Begin XCBuildConfiguration section */
		CC57C3202C4C0F8B00EF1A80 /* Debug */ = {
			isa = XCBuildConfiguration;
			buildSettings = {
				ALWAYS_SEARCH_USER_PATHS = YES;
				ASSETCATALOG_COMPILER_GENERATE_SWIFT_ASSET_SYMBOL_EXTENSIONS = YES;
				CLANG_ANALYZER_NONNULL = YES;
				CLANG_ANALYZER_NUMBER_OBJECT_CONVERSION = YES_AGGRESSIVE;
				CLANG_CXX_LANGUAGE_STANDARD = "gnu++20";
				CLANG_ENABLE_MODULES = YES;
				CLANG_ENABLE_OBJC_ARC = YES;
				CLANG_ENABLE_OBJC_WEAK = YES;
				CLANG_WARN_BLOCK_CAPTURE_AUTORELEASING = YES;
				CLANG_WARN_BOOL_CONVERSION = YES;
				CLANG_WARN_COMMA = YES;
				CLANG_WARN_CONSTANT_CONVERSION = YES;
				CLANG_WARN_DEPRECATED_OBJC_IMPLEMENTATIONS = YES;
				CLANG_WARN_DIRECT_OBJC_ISA_USAGE = YES_ERROR;
				CLANG_WARN_DOCUMENTATION_COMMENTS = YES;
				CLANG_WARN_EMPTY_BODY = YES;
				CLANG_WARN_ENUM_CONVERSION = YES;
				CLANG_WARN_INFINITE_RECURSION = YES;
				CLANG_WARN_INT_CONVERSION = YES;
				CLANG_WARN_NON_LITERAL_NULL_CONVERSION = YES;
				CLANG_WARN_OBJC_IMPLICIT_RETAIN_SELF = YES;
				CLANG_WARN_OBJC_LITERAL_CONVERSION = YES;
				CLANG_WARN_OBJC_ROOT_CLASS = YES_ERROR;
				CLANG_WARN_QUOTED_INCLUDE_IN_FRAMEWORK_HEADER = YES;
				CLANG_WARN_RANGE_LOOP_ANALYSIS = YES;
				CLANG_WARN_STRICT_PROTOTYPES = YES;
				CLANG_WARN_SUSPICIOUS_MOVE = YES;
				CLANG_WARN_UNGUARDED_AVAILABILITY = YES_AGGRESSIVE;
				CLANG_WARN_UNREACHABLE_CODE = YES;
				CLANG_WARN__DUPLICATE_METHOD_MATCH = YES;
				COPY_PHASE_STRIP = NO;
				DEBUG_INFORMATION_FORMAT = dwarf;
				ENABLE_STRICT_OBJC_MSGSEND = YES;
				ENABLE_TESTABILITY = YES;
				ENABLE_USER_SCRIPT_SANDBOXING = YES;
				GCC_C_LANGUAGE_STANDARD = gnu17;
				GCC_DYNAMIC_NO_PIC = NO;
				GCC_NO_COMMON_BLOCKS = YES;
				GCC_OPTIMIZATION_LEVEL = 0;
				GCC_PREPROCESSOR_DEFINITIONS = (
					"DEBUG=1",
					"$(inherited)",
				);
				GCC_WARN_64_TO_32_BIT_CONVERSION = YES;
				GCC_WARN_ABOUT_RETURN_TYPE = YES_ERROR;
				GCC_WARN_UNDECLARED_SELECTOR = YES;
				GCC_WARN_UNINITIALIZED_AUTOS = YES_AGGRESSIVE;
				GCC_WARN_UNUSED_FUNCTION = YES;
				GCC_WARN_UNUSED_VARIABLE = YES;
				IPHONEOS_DEPLOYMENT_TARGET = 17.0;
				LOCALIZATION_PREFERS_STRING_CATALOGS = YES;
				MTL_ENABLE_DEBUG_INFO = INCLUDE_SOURCE;
				MTL_FAST_MATH = YES;
				ONLY_ACTIVE_ARCH = YES;
				SDKROOT = iphoneos;
				SWIFT_ACTIVE_COMPILATION_CONDITIONS = "DEBUG $(inherited)";
				SWIFT_OPTIMIZATION_LEVEL = "-Onone";
				SWIFT_VERSION = 5.0;
			};
			name = Debug;
		};
		CC57C3212C4C0F8B00EF1A80 /* Release */ = {
			isa = XCBuildConfiguration;
			buildSettings = {
				ALWAYS_SEARCH_USER_PATHS = YES;
				ASSETCATALOG_COMPILER_GENERATE_SWIFT_ASSET_SYMBOL_EXTENSIONS = YES;
				CLANG_ANALYZER_NONNULL = YES;
				CLANG_ANALYZER_NUMBER_OBJECT_CONVERSION = YES_AGGRESSIVE;
				CLANG_CXX_LANGUAGE_STANDARD = "gnu++20";
				CLANG_ENABLE_MODULES = YES;
				CLANG_ENABLE_OBJC_ARC = YES;
				CLANG_ENABLE_OBJC_WEAK = YES;
				CLANG_WARN_BLOCK_CAPTURE_AUTORELEASING = YES;
				CLANG_WARN_BOOL_CONVERSION = YES;
				CLANG_WARN_COMMA = YES;
				CLANG_WARN_CONSTANT_CONVERSION = YES;
				CLANG_WARN_DEPRECATED_OBJC_IMPLEMENTATIONS = YES;
				CLANG_WARN_DIRECT_OBJC_ISA_USAGE = YES_ERROR;
				CLANG_WARN_DOCUMENTATION_COMMENTS = YES;
				CLANG_WARN_EMPTY_BODY = YES;
				CLANG_WARN_ENUM_CONVERSION = YES;
				CLANG_WARN_INFINITE_RECURSION = YES;
				CLANG_WARN_INT_CONVERSION = YES;
				CLANG_WARN_NON_LITERAL_NULL_CONVERSION = YES;
				CLANG_WARN_OBJC_IMPLICIT_RETAIN_SELF = YES;
				CLANG_WARN_OBJC_LITERAL_CONVERSION = YES;
				CLANG_WARN_OBJC_ROOT_CLASS = YES_ERROR;
				CLANG_WARN_QUOTED_INCLUDE_IN_FRAMEWORK_HEADER = YES;
				CLANG_WARN_RANGE_LOOP_ANALYSIS = YES;
				CLANG_WARN_STRICT_PROTOTYPES = YES;
				CLANG_WARN_SUSPICIOUS_MOVE = YES;
				CLANG_WARN_UNGUARDED_AVAILABILITY = YES_AGGRESSIVE;
				CLANG_WARN_UNREACHABLE_CODE = YES;
				CLANG_WARN__DUPLICATE_METHOD_MATCH = YES;
				COPY_PHASE_STRIP = NO;
				DEBUG_INFORMATION_FORMAT = "dwarf-with-dsym";
				ENABLE_NS_ASSERTIONS = NO;
				ENABLE_STRICT_OBJC_MSGSEND = YES;
				ENABLE_USER_SCRIPT_SANDBOXING = YES;
				GCC_C_LANGUAGE_STANDARD = gnu17;
				GCC_NO_COMMON_BLOCKS = YES;
				GCC_WARN_64_TO_32_BIT_CONVERSION = YES;
				GCC_WARN_ABOUT_RETURN_TYPE = YES_ERROR;
				GCC_WARN_UNDECLARED_SELECTOR = YES;
				GCC_WARN_UNINITIALIZED_AUTOS = YES_AGGRESSIVE;
				GCC_WARN_UNUSED_FUNCTION = YES;
				GCC_WARN_UNUSED_VARIABLE = YES;
				IPHONEOS_DEPLOYMENT_TARGET = 17.0;
				LOCALIZATION_PREFERS_STRING_CATALOGS = YES;
				MTL_ENABLE_DEBUG_INFO = NO;
				MTL_FAST_MATH = YES;
				SDKROOT = iphoneos;
				SWIFT_COMPILATION_MODE = wholemodule;
				SWIFT_VERSION = 5.0;
				VALIDATE_PRODUCT = YES;
			};
			name = Release;
		};
		CC57C3232C4C0F8B00EF1A80 /* Debug */ = {
			isa = XCBuildConfiguration;
			buildSettings = {
				ASSETCATALOG_COMPILER_APPICON_NAME = AppIcon;
				ASSETCATALOG_COMPILER_GLOBAL_ACCENT_COLOR_NAME = AccentColor;
				CLANG_ENABLE_MODULES = YES;
				CODE_SIGN_STYLE = Automatic;
				CURRENT_PROJECT_VERSION = 1;
				DEVELOPMENT_TEAM = Y9U32NW3Q6;
				GENERATE_INFOPLIST_FILE = YES;
				INFOPLIST_FILE = NewsAPI/Info.plist;
				INFOPLIST_KEY_UIApplicationSupportsIndirectInputEvents = YES;
				INFOPLIST_KEY_UILaunchStoryboardName = LaunchScreen;
				INFOPLIST_KEY_UISupportedInterfaceOrientations_iPad = "UIInterfaceOrientationPortrait UIInterfaceOrientationPortraitUpsideDown UIInterfaceOrientationLandscapeLeft UIInterfaceOrientationLandscapeRight";
				INFOPLIST_KEY_UISupportedInterfaceOrientations_iPhone = "UIInterfaceOrientationPortrait UIInterfaceOrientationLandscapeLeft UIInterfaceOrientationLandscapeRight";
				IPHONEOS_DEPLOYMENT_TARGET = 15.0;
				LD_RUNPATH_SEARCH_PATHS = (
					"$(inherited)",
					"@executable_path/Frameworks",
				);
				MARKETING_VERSION = 1.0;
				PRODUCT_BUNDLE_IDENTIFIER = hansol.NewsAPI;
				PRODUCT_NAME = "$(TARGET_NAME)";
				SWIFT_EMIT_LOC_STRINGS = YES;
				SWIFT_OBJC_BRIDGING_HEADER = "";
				SWIFT_OPTIMIZATION_LEVEL = "-Onone";
				SWIFT_VERSION = 5.0;
				TARGETED_DEVICE_FAMILY = "1,2";
			};
			name = Debug;
		};
		CC57C3242C4C0F8B00EF1A80 /* Release */ = {
			isa = XCBuildConfiguration;
			buildSettings = {
				ASSETCATALOG_COMPILER_APPICON_NAME = AppIcon;
				ASSETCATALOG_COMPILER_GLOBAL_ACCENT_COLOR_NAME = AccentColor;
				CLANG_ENABLE_MODULES = YES;
				CODE_SIGN_STYLE = Automatic;
				CURRENT_PROJECT_VERSION = 1;
				DEVELOPMENT_TEAM = Y9U32NW3Q6;
				GENERATE_INFOPLIST_FILE = YES;
				INFOPLIST_FILE = NewsAPI/Info.plist;
				INFOPLIST_KEY_UIApplicationSupportsIndirectInputEvents = YES;
				INFOPLIST_KEY_UILaunchStoryboardName = LaunchScreen;
				INFOPLIST_KEY_UISupportedInterfaceOrientations_iPad = "UIInterfaceOrientationPortrait UIInterfaceOrientationPortraitUpsideDown UIInterfaceOrientationLandscapeLeft UIInterfaceOrientationLandscapeRight";
				INFOPLIST_KEY_UISupportedInterfaceOrientations_iPhone = "UIInterfaceOrientationPortrait UIInterfaceOrientationLandscapeLeft UIInterfaceOrientationLandscapeRight";
				IPHONEOS_DEPLOYMENT_TARGET = 15.0;
				LD_RUNPATH_SEARCH_PATHS = (
					"$(inherited)",
					"@executable_path/Frameworks",
				);
				MARKETING_VERSION = 1.0;
				PRODUCT_BUNDLE_IDENTIFIER = hansol.NewsAPI;
				PRODUCT_NAME = "$(TARGET_NAME)";
				SWIFT_EMIT_LOC_STRINGS = YES;
				SWIFT_OBJC_BRIDGING_HEADER = "";
				SWIFT_VERSION = 5.0;
				TARGETED_DEVICE_FAMILY = "1,2";
			};
			name = Release;
		};
		CCFD6FD42C5E1CE600469181 /* Debug */ = {
			isa = XCBuildConfiguration;
			buildSettings = {
				ALWAYS_EMBED_SWIFT_STANDARD_LIBRARIES = YES;
				BUNDLE_LOADER = "$(TEST_HOST)";
				CODE_SIGN_STYLE = Automatic;
				CURRENT_PROJECT_VERSION = 1;
				DEVELOPMENT_TEAM = Y9U32NW3Q6;
				GENERATE_INFOPLIST_FILE = YES;
				MARKETING_VERSION = 1.0;
				PRODUCT_BUNDLE_IDENTIFIER = hansol.ListViewModelTests;
				PRODUCT_NAME = "$(TARGET_NAME)";
				SWIFT_EMIT_LOC_STRINGS = NO;
				TARGETED_DEVICE_FAMILY = "1,2";
				TEST_HOST = "$(BUILT_PRODUCTS_DIR)/NewsAPI.app/$(BUNDLE_EXECUTABLE_FOLDER_PATH)/NewsAPI";
			};
			name = Debug;
		};
		CCFD6FD52C5E1CE600469181 /* Release */ = {
			isa = XCBuildConfiguration;
			buildSettings = {
				ALWAYS_EMBED_SWIFT_STANDARD_LIBRARIES = YES;
				BUNDLE_LOADER = "$(TEST_HOST)";
				CODE_SIGN_STYLE = Automatic;
				CURRENT_PROJECT_VERSION = 1;
				DEVELOPMENT_TEAM = Y9U32NW3Q6;
				GENERATE_INFOPLIST_FILE = YES;
				MARKETING_VERSION = 1.0;
				PRODUCT_BUNDLE_IDENTIFIER = hansol.ListViewModelTests;
				PRODUCT_NAME = "$(TARGET_NAME)";
				SWIFT_EMIT_LOC_STRINGS = NO;
				TARGETED_DEVICE_FAMILY = "1,2";
				TEST_HOST = "$(BUILT_PRODUCTS_DIR)/NewsAPI.app/$(BUNDLE_EXECUTABLE_FOLDER_PATH)/NewsAPI";
			};
			name = Release;
		};
		CCFD6FE12C5E1D1D00469181 /* Debug */ = {
			isa = XCBuildConfiguration;
			buildSettings = {
				ALWAYS_SEARCH_USER_PATHS = YES;
				BUNDLE_LOADER = "$(TEST_HOST)";
				CODE_SIGN_STYLE = Automatic;
				CURRENT_PROJECT_VERSION = 1;
				DEVELOPMENT_TEAM = Y9U32NW3Q6;
				GENERATE_INFOPLIST_FILE = YES;
				MARKETING_VERSION = 1.0;
				PRODUCT_BUNDLE_IDENTIFIER = hansol.NewsAPITests;
				PRODUCT_NAME = "$(TARGET_NAME)";
				SWIFT_EMIT_LOC_STRINGS = NO;
				SWIFT_VERSION = 5.0;
				TARGETED_DEVICE_FAMILY = "1,2";
				TEST_HOST = "$(BUILT_PRODUCTS_DIR)/NewsAPI.app/$(BUNDLE_EXECUTABLE_FOLDER_PATH)/NewsAPI";
			};
			name = Debug;
		};
		CCFD6FE22C5E1D1D00469181 /* Release */ = {
			isa = XCBuildConfiguration;
			buildSettings = {
				ALWAYS_SEARCH_USER_PATHS = YES;
				BUNDLE_LOADER = "$(TEST_HOST)";
				CODE_SIGN_STYLE = Automatic;
				CURRENT_PROJECT_VERSION = 1;
				DEVELOPMENT_TEAM = Y9U32NW3Q6;
				GENERATE_INFOPLIST_FILE = YES;
				MARKETING_VERSION = 1.0;
				PRODUCT_BUNDLE_IDENTIFIER = hansol.NewsAPITests;
				PRODUCT_NAME = "$(TARGET_NAME)";
				SWIFT_EMIT_LOC_STRINGS = NO;
				SWIFT_VERSION = 5.0;
				TARGETED_DEVICE_FAMILY = "1,2";
				TEST_HOST = "$(BUILT_PRODUCTS_DIR)/NewsAPI.app/$(BUNDLE_EXECUTABLE_FOLDER_PATH)/NewsAPI";
			};
			name = Release;
		};
/* End XCBuildConfiguration section */

/* Begin XCConfigurationList section */
		CC57C3092C4C0F8A00EF1A80 /* Build configuration list for PBXProject "NewsAPI" */ = {
			isa = XCConfigurationList;
			buildConfigurations = (
				CC57C3202C4C0F8B00EF1A80 /* Debug */,
				CC57C3212C4C0F8B00EF1A80 /* Release */,
			);
			defaultConfigurationIsVisible = 0;
			defaultConfigurationName = Release;
		};
		CC57C3222C4C0F8B00EF1A80 /* Build configuration list for PBXNativeTarget "NewsAPI" */ = {
			isa = XCConfigurationList;
			buildConfigurations = (
				CC57C3232C4C0F8B00EF1A80 /* Debug */,
				CC57C3242C4C0F8B00EF1A80 /* Release */,
			);
			defaultConfigurationIsVisible = 0;
			defaultConfigurationName = Release;
		};
		CCFD6FD32C5E1CE600469181 /* Build configuration list for PBXNativeTarget "ListViewModelTests" */ = {
			isa = XCConfigurationList;
			buildConfigurations = (
				CCFD6FD42C5E1CE600469181 /* Debug */,
				CCFD6FD52C5E1CE600469181 /* Release */,
			);
			defaultConfigurationIsVisible = 0;
			defaultConfigurationName = Release;
		};
		CCFD6FE02C5E1D1D00469181 /* Build configuration list for PBXNativeTarget "NewsAPITests" */ = {
			isa = XCConfigurationList;
			buildConfigurations = (
				CCFD6FE12C5E1D1D00469181 /* Debug */,
				CCFD6FE22C5E1D1D00469181 /* Release */,
			);
			defaultConfigurationIsVisible = 0;
			defaultConfigurationName = Release;
		};
/* End XCConfigurationList section */

/* Begin XCRemoteSwiftPackageReference section */
		CC4527632C4FDD65007F6959 /* XCRemoteSwiftPackageReference "realm-swift" */ = {
			isa = XCRemoteSwiftPackageReference;
			repositoryURL = "https://github.com/realm/realm-swift.git";
			requirement = {
				branch = master;
				kind = branch;
			};
		};
		CC45277B2C4FE057007F6959 /* XCRemoteSwiftPackageReference "RxSwift" */ = {
			isa = XCRemoteSwiftPackageReference;
			repositoryURL = "https://github.com/ReactiveX/RxSwift.git";
			requirement = {
				kind = upToNextMajorVersion;
				minimumVersion = 6.7.1;
			};
		};
		CC97B5382C4E5FB7009AC6E6 /* XCRemoteSwiftPackageReference "SnapKit" */ = {
			isa = XCRemoteSwiftPackageReference;
			repositoryURL = "https://github.com/SnapKit/SnapKit";
			requirement = {
				kind = upToNextMajorVersion;
				minimumVersion = 5.7.1;
			};
		};
/* End XCRemoteSwiftPackageReference section */

/* Begin XCSwiftPackageProductDependency section */
		CC4527642C4FDD65007F6959 /* RealmSwift */ = {
			isa = XCSwiftPackageProductDependency;
			package = CC4527632C4FDD65007F6959 /* XCRemoteSwiftPackageReference "realm-swift" */;
			productName = RealmSwift;
		};
		CC45277C2C4FE057007F6959 /* RxBlocking */ = {
			isa = XCSwiftPackageProductDependency;
			package = CC45277B2C4FE057007F6959 /* XCRemoteSwiftPackageReference "RxSwift" */;
			productName = RxBlocking;
		};
		CC45277E2C4FE057007F6959 /* RxBlocking-Dynamic */ = {
			isa = XCSwiftPackageProductDependency;
			package = CC45277B2C4FE057007F6959 /* XCRemoteSwiftPackageReference "RxSwift" */;
			productName = "RxBlocking-Dynamic";
		};
		CC4527802C4FE057007F6959 /* RxCocoa */ = {
			isa = XCSwiftPackageProductDependency;
			package = CC45277B2C4FE057007F6959 /* XCRemoteSwiftPackageReference "RxSwift" */;
			productName = RxCocoa;
		};
		CC4527822C4FE057007F6959 /* RxCocoa-Dynamic */ = {
			isa = XCSwiftPackageProductDependency;
			package = CC45277B2C4FE057007F6959 /* XCRemoteSwiftPackageReference "RxSwift" */;
			productName = "RxCocoa-Dynamic";
		};
		CC4527842C4FE057007F6959 /* RxRelay */ = {
			isa = XCSwiftPackageProductDependency;
			package = CC45277B2C4FE057007F6959 /* XCRemoteSwiftPackageReference "RxSwift" */;
			productName = RxRelay;
		};
		CC97B5392C4E5FB7009AC6E6 /* SnapKit */ = {
			isa = XCSwiftPackageProductDependency;
			package = CC97B5382C4E5FB7009AC6E6 /* XCRemoteSwiftPackageReference "SnapKit" */;
			productName = SnapKit;
		};
		CC97B53B2C4E5FB7009AC6E6 /* SnapKit-Dynamic */ = {
			isa = XCSwiftPackageProductDependency;
			package = CC97B5382C4E5FB7009AC6E6 /* XCRemoteSwiftPackageReference "SnapKit" */;
			productName = "SnapKit-Dynamic";
		};
/* End XCSwiftPackageProductDependency section */
	};
	rootObject = CC57C3062C4C0F8A00EF1A80 /* Project object */;
}
